
Microsoft Visual Studio Solution File, Format Version 12.00
# Visual Studio Version 16
VisualStudioVersion = 16.0.29905.134
MinimumVisualStudioVersion = 10.0.40219.1
Project("{FAE04EC0-301F-11D3-BF4B-00C04F79EFBC}") = "companyxml", "companyxml\companyxml.csproj", "{C82843CC-D305-4F52-B9F0-034C93514C95}"
EndProject
Global
	GlobalSection(SolutionConfigurationPlatforms) = preSolution
		Debug|Any CPU = Debug|Any CPU
		Release|Any CPU = Release|Any CPU
	EndGlobalSection
	GlobalSection(ProjectConfigurationPlatforms) = postSolution
		{C82843CC-D305-4F52-B9F0-034C93514C95}.Debug|Any CPU.ActiveCfg = Debug|Any CPU
		{C82843CC-D305-4F52-B9F0-034C93514C95}.Debug|Any CPU.Build.0 = Debug|Any CPU
		{C82843CC-D305-4F52-B9F0-034C93514C95}.Release|Any CPU.ActiveCfg = Release|Any CPU
		{C82843CC-D305-4F52-B9F0-034C93514C95}.Release|Any CPU.Build.0 = Release|Any CPU
	EndGlobalSection
	GlobalSection(SolutionProperties) = preSolution
		HideSolutionNode = FALSE
	EndGlobalSection
	GlobalSection(ExtensibilityGlobals) = postSolution
		SolutionGuid = {CD71E622-0FC3-4BA5-AC1B-0C8AA4DB26D8}
	EndGlobalSection
EndGlobal
